// !$*UTF8*$!
{
	archiveVersion = 1;
	classes = {
	};
	objectVersion = 50;
	objects = {

/* Begin PBXBuildFile section */
		88592E9F20FD8812004F1DCA /* level1.txt in Resources */ = {isa = PBXBuildFile; fileRef = 88592E9E20FD8812004F1DCA /* level1.txt */; };
		88EDBBEA20FE109300ADCC16 /* level2.txt in Resources */ = {isa = PBXBuildFile; fileRef = 88EDBBE920FE109300ADCC16 /* level2.txt */; };
		88EE1C7520FB58EF00354A27 /* AppDelegate.swift in Sources */ = {isa = PBXBuildFile; fileRef = 88EE1C7420FB58EF00354A27 /* AppDelegate.swift */; };
		88EE1C7720FB58EF00354A27 /* ViewController.swift in Sources */ = {isa = PBXBuildFile; fileRef = 88EE1C7620FB58EF00354A27 /* ViewController.swift */; };
		88EE1C7A20FB58EF00354A27 /* Main.storyboard in Resources */ = {isa = PBXBuildFile; fileRef = 88EE1C7820FB58EF00354A27 /* Main.storyboard */; };
		88EE1C7C20FB58F200354A27 /* Assets.xcassets in Resources */ = {isa = PBXBuildFile; fileRef = 88EE1C7B20FB58F200354A27 /* Assets.xcassets */; };
		88EE1C7F20FB58F200354A27 /* LaunchScreen.storyboard in Resources */ = {isa = PBXBuildFile; fileRef = 88EE1C7D20FB58F200354A27 /* LaunchScreen.storyboard */; };
/* End PBXBuildFile section */

/* Begin PBXFileReference section */
		88592E9E20FD8812004F1DCA /* level1.txt */ = {isa = PBXFileReference; fileEncoding = 4; lastKnownFileType = text; path = level1.txt; sourceTree = "<group>"; };
		88EDBBE920FE109300ADCC16 /* level2.txt */ = {isa = PBXFileReference; fileEncoding = 4; lastKnownFileType = text; path = level2.txt; sourceTree = "<group>"; };
		88EE1C7120FB58EF00354A27 /* Proj8-7SwiftyWords.app */ = {isa = PBXFileReference; explicitFileType = wrapper.application; includeInIndex = 0; path = "Proj8-7SwiftyWords.app"; sourceTree = BUILT_PRODUCTS_DIR; };
		88EE1C7420FB58EF00354A27 /* AppDelegate.swift */ = {isa = PBXFileReference; lastKnownFileType = sourcecode.swift; path = AppDelegate.swift; sourceTree = "<group>"; };
		88EE1C7620FB58EF00354A27 /* ViewController.swift */ = {isa = PBXFileReference; lastKnownFileType = sourcecode.swift; path = ViewController.swift; sourceTree = "<group>"; };
		88EE1C7920FB58EF00354A27 /* Base */ = {isa = PBXFileReference; lastKnownFileType = file.storyboard; name = Base; path = Base.lproj/Main.storyboard; sourceTree = "<group>"; };
		88EE1C7B20FB58F200354A27 /* Assets.xcassets */ = {isa = PBXFileReference; lastKnownFileType = folder.assetcatalog; path = Assets.xcassets; sourceTree = "<group>"; };
		88EE1C7E20FB58F200354A27 /* Base */ = {isa = PBXFileReference; lastKnownFileType = file.storyboard; name = Base; path = Base.lproj/LaunchScreen.storyboard; sourceTree = "<group>"; };
		88EE1C8020FB58F200354A27 /* Info.plist */ = {isa = PBXFileReference; lastKnownFileType = text.plist.xml; path = Info.plist; sourceTree = "<group>"; };
/* End PBXFileReference section */

/* Begin PBXFrameworksBuildPhase section */
		88EE1C6E20FB58EF00354A27 /* Frameworks */ = {
			isa = PBXFrameworksBuildPhase;
			buildActionMask = 2147483647;
			files = (
			);
			runOnlyForDeploymentPostprocessing = 0;
		};
/* End PBXFrameworksBuildPhase section */

/* Begin PBXGroup section */
		88EE1C6820FB58EF00354A27 = {
			isa = PBXGroup;
			children = (
				88EE1C7320FB58EF00354A27 /* Proj8-7SwiftyWords */,
				88EE1C7220FB58EF00354A27 /* Products */,
			);
			sourceTree = "<group>";
		};
		88EE1C7220FB58EF00354A27 /* Products */ = {
			isa = PBXGroup;
			children = (
				88EE1C7120FB58EF00354A27 /* Proj8-7SwiftyWords.app */,
			);
			name = Products;
			sourceTree = "<group>";
		};
		88EE1C7320FB58EF00354A27 /* Proj8-7SwiftyWords */ = {
			isa = PBXGroup;
			children = (
				88EE1C7420FB58EF00354A27 /* AppDelegate.swift */,
				88EE1C7620FB58EF00354A27 /* ViewController.swift */,
				88592E9E20FD8812004F1DCA /* level1.txt */,
				88EDBBE920FE109300ADCC16 /* level2.txt */,
				88EE1C7820FB58EF00354A27 /* Main.storyboard */,
				88EE1C7B20FB58F200354A27 /* Assets.xcassets */,
				88EE1C7D20FB58F200354A27 /* LaunchScreen.storyboard */,
				88EE1C8020FB58F200354A27 /* Info.plist */,
			);
			path = "Proj8-7SwiftyWords";
			sourceTree = "<group>";
		};
/* End PBXGroup section */

/* Begin PBXNativeTarget section */
		88EE1C7020FB58EF00354A27 /* Proj8-7SwiftyWords */ = {
			isa = PBXNativeTarget;
			buildConfigurationList = 88EE1C8320FB58F200354A27 /* Build configuration list for PBXNativeTarget "Proj8-7SwiftyWords" */;
			buildPhases = (
				88EE1C6D20FB58EF00354A27 /* Sources */,
				88EE1C6E20FB58EF00354A27 /* Frameworks */,
				88EE1C6F20FB58EF00354A27 /* Resources */,
			);
			buildRules = (
			);
			dependencies = (
			);
			name = "Proj8-7SwiftyWords";
			productName = "Proj8-7SwiftyWords";
			productReference = 88EE1C7120FB58EF00354A27 /* Proj8-7SwiftyWords.app */;
			productType = "com.apple.product-type.application";
		};
/* End PBXNativeTarget section */

/* Begin PBXProject section */
		88EE1C6920FB58EF00354A27 /* Project object */ = {
			isa = PBXProject;
			attributes = {
				LastSwiftUpdateCheck = 0940;
				LastUpgradeCheck = 0940;
				ORGANIZATIONNAME = "Swift Koding 4 Everyone";
				TargetAttributes = {
					88EE1C7020FB58EF00354A27 = {
						CreatedOnToolsVersion = 9.4.1;
					};
				};
			};
			buildConfigurationList = 88EE1C6C20FB58EF00354A27 /* Build configuration list for PBXProject "Proj8-7SwiftyWords" */;
			compatibilityVersion = "Xcode 9.3";
			developmentRegion = en;
			hasScannedForEncodings = 0;
			knownRegions = (
				en,
				Base,
			);
			mainGroup = 88EE1C6820FB58EF00354A27;
			productRefGroup = 88EE1C7220FB58EF00354A27 /* Products */;
			projectDirPath = "";
			projectRoot = "";
			targets = (
				88EE1C7020FB58EF00354A27 /* Proj8-7SwiftyWords */,
			);
		};
/* End PBXProject section */

/* Begin PBXResourcesBuildPhase section */
		88EE1C6F20FB58EF00354A27 /* Resources */ = {
			isa = PBXResourcesBuildPhase;
			buildActionMask = 2147483647;
			files = (
				88EDBBEA20FE109300ADCC16 /* level2.txt in Resources */,
				88EE1C7F20FB58F200354A27 /* LaunchScreen.storyboard in Resources */,
				88592E9F20FD8812004F1DCA /* level1.txt in Resources */,
				88EE1C7C20FB58F200354A27 /* Assets.xcassets in Resources */,
				88EE1C7A20FB58EF00354A27 /* Main.storyboard in Resources */,
			);
			runOnlyForDeploymentPostprocessing = 0;
		};
/* End PBXResourcesBuildPhase section */

/* Begin PBXSourcesBuildPhase section */
		88EE1C6D20FB58EF00354A27 /* Sources */ = {
			isa = PBXSourcesBuildPhase;
			buildActionMask = 2147483647;
			files = (
				88EE1C7720FB58EF00354A27 /* ViewController.swift in Sources */,
				88EE1C7520FB58EF00354A27 /* AppDelegate.swift in Sources */,
			);
			runOnlyForDeploymentPostprocessing = 0;
		};
/* End PBXSourcesBuildPhase section */

/* Begin PBXVariantGroup section */
		88EE1C7820FB58EF00354A27 /* Main.storyboard */ = {
			isa = PBXVariantGroup;
			children = (
				88EE1C7920FB58EF00354A27 /* Base */,
			);
			name = Main.storyboard;
			sourceTree = "<group>";
		};
		88EE1C7D20FB58F200354A27 /* LaunchScreen.storyboard */ = {
			isa = PBXVariantGroup;
			children = (
				88EE1C7E20FB58F200354A27 /* Base */,
			);
			name = LaunchScreen.storyboard;
			sourceTree = "<group>";
		};
/* End PBXVariantGroup section */

/* Begin XCBuildConfiguration section */
		88EE1C8120FB58F200354A27 /* Debug */ = {
			isa = XCBuildConfiguration;
			buildSettings = {
				ALWAYS_SEARCH_USER_PATHS = NO;
				CLANG_ANALYZER_NONNULL = YES;
				CLANG_ANALYZER_NUMBER_OBJECT_CONVERSION = YES_AGGRESSIVE;
				CLANG_CXX_LANGUAGE_STANDARD = "gnu++14";
				CLANG_CXX_LIBRARY = "libc++";
				CLANG_ENABLE_MODULES = YES;
				CLANG_ENABLE_OBJC_ARC = YES;
				CLANG_ENABLE_OBJC_WEAK = YES;
				CLANG_WARN_BLOCK_CAPTURE_AUTORELEASING = YES;
				CLANG_WARN_BOOL_CONVERSION = YES;
				CLANG_WARN_COMMA = YES;
				CLANG_WARN_CONSTANT_CONVERSION = YES;
				CLANG_WARN_DEPRECATED_OBJC_IMPLEMENTATIONS = YES;
				CLANG_WARN_DIRECT_OBJC_ISA_USAGE = YES_ERROR;
				CLANG_WARN_DOCUMENTATION_COMMENTS = YES;
				CLANG_WARN_EMPTY_BODY = YES;
				CLANG_WARN_ENUM_CONVERSION = YES;
				CLANG_WARN_INFINITE_RECURSION = YES;
				CLANG_WARN_INT_CONVERSION = YES;
				CLANG_WARN_NON_LITERAL_NULL_CONVERSION = YES;
				CLANG_WARN_OBJC_IMPLICIT_RETAIN_SELF = YES;
				CLANG_WARN_OBJC_LITERAL_CONVERSION = YES;
				CLANG_WARN_OBJC_ROOT_CLASS = YES_ERROR;
				CLANG_WARN_RANGE_LOOP_ANALYSIS = YES;
				CLANG_WARN_STRICT_PROTOTYPES = YES;
				CLANG_WARN_SUSPICIOUS_MOVE = YES;
				CLANG_WARN_UNGUARDED_AVAILABILITY = YES_AGGRESSIVE;
				CLANG_WARN_UNREACHABLE_CODE = YES;
				CLANG_WARN__DUPLICATE_METHOD_MATCH = YES;
				CODE_SIGN_IDENTITY = "iPhone Developer";
				COPY_PHASE_STRIP = NO;
				DEBUG_INFORMATION_FORMAT = dwarf;
				ENABLE_STRICT_OBJC_MSGSEND = YES;
				ENABLE_TESTABILITY = YES;
				GCC_C_LANGUAGE_STANDARD = gnu11;
				GCC_DYNAMIC_NO_PIC = NO;
				GCC_NO_COMMON_BLOCKS = YES;
				GCC_OPTIMIZATION_LEVEL = 0;
				GCC_PREPROCESSOR_DEFINITIONS = (
					"DEBUG=1",
					"$(inherited)",
				);
				GCC_WARN_64_TO_32_BIT_CONVERSION = YES;
				GCC_WARN_ABOUT_RETURN_TYPE = YES_ERROR;
				GCC_WARN_UNDECLARED_SELECTOR = YES;
				GCC_WARN_UNINITIALIZED_AUTOS = YES_AGGRESSIVE;
				GCC_WARN_UNUSED_FUNCTION = YES;
				GCC_WARN_UNUSED_VARIABLE = YES;
				IPHONEOS_DEPLOYMENT_TARGET = 11.4;
				MTL_ENABLE_DEBUG_INFO = YES;
				ONLY_ACTIVE_ARCH = YES;
				SDKROOT = iphoneos;
				SWIFT_ACTIVE_COMPILATION_CONDITIONS = DEBUG;
				SWIFT_OPTIMIZATION_LEVEL = "-Onone";
			};
			name = Debug;
		};
		88EE1C8220FB58F200354A27 /* Release */ = {
			isa = XCBuildConfiguration;
			buildSettings = {
				ALWAYS_SEARCH_USER_PATHS = NO;
				CLANG_ANALYZER_NONNULL = YES;
				CLANG_ANALYZER_NUMBER_OBJECT_CONVERSION = YES_AGGRESSIVE;
				CLANG_CXX_LANGUAGE_STANDARD = "gnu++14";
				CLANG_CXX_LIBRARY = "libc++";
				CLANG_ENABLE_MODULES = YES;
				CLANG_ENABLE_OBJC_ARC = YES;
				CLANG_ENABLE_OBJC_WEAK = YES;
				CLANG_WARN_BLOCK_CAPTURE_AUTORELEASING = YES;
				CLANG_WARN_BOOL_CONVERSION = YES;
				CLANG_WARN_COMMA = YES;
				CLANG_WARN_CONSTANT_CONVERSION = YES;
				CLANG_WARN_DEPRECATED_OBJC_IMPLEMENTATIONS = YES;
				CLANG_WARN_DIRECT_OBJC_ISA_USAGE = YES_ERROR;
				CLANG_WARN_DOCUMENTATION_COMMENTS = YES;
				CLANG_WARN_EMPTY_BODY = YES;
				CLANG_WARN_ENUM_CONVERSION = YES;
				CLANG_WARN_INFINITE_RECURSION = YES;
				CLANG_WARN_INT_CONVERSION = YES;
				CLANG_WARN_NON_LITERAL_NULL_CONVERSION = YES;
				CLANG_WARN_OBJC_IMPLICIT_RETAIN_SELF = YES;
				CLANG_WARN_OBJC_LITERAL_CONVERSION = YES;
				CLANG_WARN_OBJC_ROOT_CLASS = YES_ERROR;
				CLANG_WARN_RANGE_LOOP_ANALYSIS = YES;
				CLANG_WARN_STRICT_PROTOTYPES = YES;
				CLANG_WARN_SUSPICIOUS_MOVE = YES;
				CLANG_WARN_UNGUARDED_AVAILABILITY = YES_AGGRESSIVE;
				CLANG_WARN_UNREACHABLE_CODE = YES;
				CLANG_WARN__DUPLICATE_METHOD_MATCH = YES;
				CODE_SIGN_IDENTITY = "iPhone Developer";
				COPY_PHASE_STRIP = NO;
				DEBUG_INFORMATION_FORMAT = "dwarf-with-dsym";
				ENABLE_NS_ASSERTIONS = NO;
				ENABLE_STRICT_OBJC_MSGSEND = YES;
				GCC_C_LANGUAGE_STANDARD = gnu11;
				GCC_NO_COMMON_BLOCKS = YES;
				GCC_WARN_64_TO_32_BIT_CONVERSION = YES;
				GCC_WARN_ABOUT_RETURN_TYPE = YES_ERROR;
				GCC_WARN_UNDECLARED_SELECTOR = YES;
				GCC_WARN_UNINITIALIZED_AUTOS = YES_AGGRESSIVE;
				GCC_WARN_UNUSED_FUNCTION = YES;
				GCC_WARN_UNUSED_VARIABLE = YES;
				IPHONEOS_DEPLOYMENT_TARGET = 11.4;
				MTL_ENABLE_DEBUG_INFO = NO;
				SDKROOT = iphoneos;
				SWIFT_COMPILATION_MODE = wholemodule;
				SWIFT_OPTIMIZATION_LEVEL = "-O";
				VALIDATE_PRODUCT = YES;
			};
			name = Release;
		};
		88EE1C8420FB58F200354A27 /* Debug */ = {
			isa = XCBuildConfiguration;
			buildSettings = {
				ASSETCATALOG_COMPILER_APPICON_NAME = AppIcon;
				CODE_SIGN_STYLE = Automatic;
				DEVELOPMENT_TEAM = YRMU5C8C32;
				INFOPLIST_FILE = "Proj8-7SwiftyWords/Info.plist";
				LD_RUNPATH_SEARCH_PATHS = (
					"$(inherited)",
					"@executable_path/Frameworks",
				);
				PRODUCT_BUNDLE_IDENTIFIER = "com.swiftkodingforeveryone.Proj8-7SwiftyWords";
				PRODUCT_NAME = "$(TARGET_NAME)";
				SWIFT_VERSION = 4.0;
				TARGETED_DEVICE_FAMILY = 2;
			};
			name = Debug;
		};
		88EE1C8520FB58F200354A27 /* Release */ = {
			isa = XCBuildConfiguration;
			buildSettings = {
				ASSETCATALOG_COMPILER_APPICON_NAME = AppIcon;
				CODE_SIGN_STYLE = Automatic;
				DEVELOPMENT_TEAM = YRMU5C8C32;
				INFOPLIST_FILE = "Proj8-7SwiftyWords/Info.plist";
				LD_RUNPATH_SEARCH_PATHS = (
					"$(inherited)",
					"@executable_path/Frameworks",
				);
				PRODUCT_BUNDLE_IDENTIFIER = "com.swiftkodingforeveryone.Proj8-7SwiftyWords";
				PRODUCT_NAME = "$(TARGET_NAME)";
				SWIFT_VERSION = 4.0;
				TARGETED_DEVICE_FAMILY = 2;
			};
			name = Release;
		};
/* End XCBuildConfiguration section */

/* Begin XCConfigurationList section */
		88EE1C6C20FB58EF00354A27 /* Build configuration list for PBXProject "Proj8-7SwiftyWords" */ = {
			isa = XCConfigurationList;
			buildConfigurations = (
				88EE1C8120FB58F200354A27 /* Debug */,
				88EE1C8220FB58F200354A27 /* Release */,
			);
			defaultConfigurationIsVisible = 0;
			defaultConfigurationName = Release;
		};
		88EE1C8320FB58F200354A27 /* Build configuration list for PBXNativeTarget "Proj8-7SwiftyWords" */ = {
			isa = XCConfigurationList;
			buildConfigurations = (
				88EE1C8420FB58F200354A27 /* Debug */,
				88EE1C8520FB58F200354A27 /* Release */,
			);
			defaultConfigurationIsVisible = 0;
			defaultConfigurationName = Release;
		};
/* End XCConfigurationList section */
	};
	rootObject = 88EE1C6920FB58EF00354A27 /* Project object */;
}
